{
  "name": "HaplotypeVisualizer",
  "lockfileVersion": 2,
  "requires": true,
  "packages": {
    "": {
      "dependencies": {
        "d3fc": "^15.2.4"
      }
    },
    "node_modules/@d3fc/d3fc-annotation": {
      "version": "3.0.11",
      "resolved": "https://registry.npmjs.org/@d3fc/d3fc-annotation/-/d3fc-annotation-3.0.11.tgz",
      "integrity": "sha512-oqcXG3OnpFyA4m6tTQ61wuDKA2Pdj76YpGO85MosdMwHkWiup/Lm7bnerJhsBTpHbucrumfyf1+DH3c47ZxqIA==",
      "dependencies": {
        "@d3fc/d3fc-data-join": "^6.0.3",
        "@d3fc/d3fc-rebind": "^6.0.1",
        "@d3fc/d3fc-series": "^6.0.4",
        "@d3fc/d3fc-shape": "^6.0.1"
      },
      "peerDependencies": {
        "d3-scale": "*",
        "d3-selection": "*"
      }
    },
    "node_modules/@d3fc/d3fc-axis": {
      "version": "3.0.6",
      "resolved": "https://registry.npmjs.org/@d3fc/d3fc-axis/-/d3fc-axis-3.0.6.tgz",
      "integrity": "sha512-6D5HpTiSmht8x9TU7war5iVNW5QFlvzNDk92yJ6hUOKeD/otr2D3wrpvSgJrS7GehceC7Ik86etpoiCjR4wyrg==",
      "dependencies": {
        "@d3fc/d3fc-data-join": "^6.0.3",
        "@d3fc/d3fc-rebind": "^6.0.1"
      },
      "peerDependencies": {
        "d3-scale": "*",
        "d3-selection": "*",
        "d3-shape": "*"
      }
    },
    "node_modules/@d3fc/d3fc-brush": {
      "version": "3.0.3",
      "resolved": "https://registry.npmjs.org/@d3fc/d3fc-brush/-/d3fc-brush-3.0.3.tgz",
      "integrity": "sha512-fc1XBuNWl6DQVFSnBdauI/WNRvtNaeUWwDiLEIMY+v0VlrmGOgWEGCB5otVepGZiL56cjgRtHdwYBdKCvgGBSg==",
      "dependencies": {
        "@d3fc/d3fc-data-join": "^6.0.3",
        "@d3fc/d3fc-rebind": "^6.0.1"
      },
      "peerDependencies": {
        "d3-brush": "*",
        "d3-dispatch": "*",
        "d3-scale": "*",
        "d3-selection": "*"
      }
    },
    "node_modules/@d3fc/d3fc-chart": {
      "version": "5.1.4",
      "resolved": "https://registry.npmjs.org/@d3fc/d3fc-chart/-/d3fc-chart-5.1.4.tgz",
      "integrity": "sha512-hfmmfwww5xsEirWcCge17lp2Z1em7wtC2HHJ2w5bsHnLr0Zjko7qwrtkU/MN5oT3qwckRy4QHExJXf6PibwC/g==",
      "dependencies": {
        "@d3fc/d3fc-axis": "^3.0.6",
        "@d3fc/d3fc-data-join": "^6.0.3",
        "@d3fc/d3fc-element": "^6.2.0",
        "@d3fc/d3fc-rebind": "^6.0.1",
        "@d3fc/d3fc-series": "^6.0.4"
      },
      "peerDependencies": {
        "d3-scale": "*",
        "d3-selection": "*"
      }
    },
    "node_modules/@d3fc/d3fc-data-join": {
      "version": "6.0.3",
      "resolved": "https://registry.npmjs.org/@d3fc/d3fc-data-join/-/d3fc-data-join-6.0.3.tgz",
      "integrity": "sha512-fd1D2Cl4YGjzl3gBhcrvTl/VxaSncY0ZcokWsN8ahtmk9DZK4DnAgHGrdecnXVLkOx+ANDcqxqscYz6MWXLbcA==",
      "peerDependencies": {
        "d3-selection": "*"
      }
    },
    "node_modules/@d3fc/d3fc-discontinuous-scale": {
      "version": "4.0.2",
      "resolved": "https://registry.npmjs.org/@d3fc/d3fc-discontinuous-scale/-/d3fc-discontinuous-scale-4.0.2.tgz",
      "integrity": "sha512-m1H/fL3BQmkytTjUNd0GVGE6KC0CEervrgRNnM5FluouycsbUCQPhiiN1CY1bRh8xcFDQx9vpOUU7DNCjiEbAQ==",
      "dependencies": {
        "@d3fc/d3fc-rebind": "^6.0.1"
      },
      "peerDependencies": {
        "d3-scale": "*",
        "d3-time": "*"
      }
    },
    "node_modules/@d3fc/d3fc-element": {
      "version": "6.2.0",
      "resolved": "https://registry.npmjs.org/@d3fc/d3fc-element/-/d3fc-element-6.2.0.tgz",
      "integrity": "sha512-AvdZ3V4mVxF9dGYLiDCoqr3GhrFOUQEc1FcP20QEhQ3fJ3qYRwx7/uhL7G/L2xbe6k4delPgnLOvtoaDenhpZw=="
    },
    "node_modules/@d3fc/d3fc-extent": {
      "version": "4.0.2",
      "resolved": "https://registry.npmjs.org/@d3fc/d3fc-extent/-/d3fc-extent-4.0.2.tgz",
      "integrity": "sha512-m7w7Dof6KAIDtgzIsTcprWTEoiqExJGsGoQbb97bF+EwIkuEZWRUl1jkoeNL00efpX1o6zSdqSr6lojoR0aI/g==",
      "peerDependencies": {
        "d3-array": "*"
      }
    },
    "node_modules/@d3fc/d3fc-financial-feed": {
      "version": "7.1.0",
      "resolved": "https://registry.npmjs.org/@d3fc/d3fc-financial-feed/-/d3fc-financial-feed-7.1.0.tgz",
      "integrity": "sha512-K8jktdRJQAiJepglErsuY2ZMKsm0YFWTeuhYnTFb8rWmyhwoPeem9QW+e6xBTiAvbElJm4yTrkal09KmO2cLlQ==",
      "peerDependencies": {
        "d3-fetch": "*"
      }
    },
    "node_modules/@d3fc/d3fc-group": {
      "version": "3.0.1",
      "resolved": "https://registry.npmjs.org/@d3fc/d3fc-group/-/d3fc-group-3.0.1.tgz",
      "integrity": "sha512-GBUR6a4hkqfSo77iaFS4qPMS5tupH8hmJ8eniiD45GFmWQs69+Dlf8Uhx+GCCvQkE+px6rQyZWVCJKBq6gkz2Q=="
    },
    "node_modules/@d3fc/d3fc-label-layout": {
      "version": "7.0.3",
      "resolved": "https://registry.npmjs.org/@d3fc/d3fc-label-layout/-/d3fc-label-layout-7.0.3.tgz",
      "integrity": "sha512-EqeUXO5o0yLYfRPXT9zChx4HLZjsd7DTzRhfiIIJAjqEQeFW9ALYrt85ggqxKWaM5BGjtaOFcHFBrOkd9b2AMQ==",
      "dependencies": {
        "@d3fc/d3fc-data-join": "^6.0.3",
        "@d3fc/d3fc-rebind": "^6.0.1"
      },
      "peerDependencies": {
        "d3-array": "*",
        "d3-scale": "*",
        "d3-selection": "*"
      }
    },
    "node_modules/@d3fc/d3fc-pointer": {
      "version": "3.0.2",
      "resolved": "https://registry.npmjs.org/@d3fc/d3fc-pointer/-/d3fc-pointer-3.0.2.tgz",
      "integrity": "sha512-GAODK7t+fwH2y/tQaQD0kUZMbrpY+Mu1duFixtthm7yvk1sKWQR9bic3Eh3YBp39lir0VzmHWQhjYNAFnRJERg==",
      "dependencies": {
        "@d3fc/d3fc-rebind": "^6.0.1"
      },
      "peerDependencies": {
        "d3-dispatch": "*",
        "d3-selection": "*"
      }
    },
    "node_modules/@d3fc/d3fc-random-data": {
      "version": "4.0.1",
      "resolved": "https://registry.npmjs.org/@d3fc/d3fc-random-data/-/d3fc-random-data-4.0.1.tgz",
      "integrity": "sha512-tKSoImB8V+EKnuwh4K+RBfYWmczgKF+rvH9b3SeGEocw3DlK1SvAr2ZVhYkyFVaqJU5YciWqQfaW5MjVT/33FA==",
      "dependencies": {
        "@d3fc/d3fc-rebind": "^6.0.1"
      },
      "peerDependencies": {
        "d3-random": "*",
        "d3-time": "*"
      }
    },
    "node_modules/@d3fc/d3fc-rebind": {
      "version": "6.0.1",
      "resolved": "https://registry.npmjs.org/@d3fc/d3fc-rebind/-/d3fc-rebind-6.0.1.tgz",
      "integrity": "sha512-+ryBZ53ALMffbADwnFAtTYQJcT7PE5BwpducGYS0X6Jux6ESnp+fP+cDQvBGbDBOVqaziGnfeLeJXjtMnZujmQ=="
    },
    "node_modules/@d3fc/d3fc-sample": {
      "version": "5.0.1",
      "resolved": "https://registry.npmjs.org/@d3fc/d3fc-sample/-/d3fc-sample-5.0.1.tgz",
      "integrity": "sha512-VJ4stSJDxcAhYhifiGE63MBVDPstx+yB3+JHuJt/qc8MjHSOC4NjrPpABNUS6qwfmOcQKbaRPN8urzJ+f5FCmg==",
      "dependencies": {
        "@d3fc/d3fc-rebind": "^6.0.1"
      },
      "peerDependencies": {
        "d3-array": "*"
      }
    },
    "node_modules/@d3fc/d3fc-series": {
      "version": "6.0.4",
      "resolved": "https://registry.npmjs.org/@d3fc/d3fc-series/-/d3fc-series-6.0.4.tgz",
      "integrity": "sha512-DilhaYvWcPuEuIHZfTJgkcHtY+uRsLUbTcF4GhUlk4sb88V4G7YFiVym1aZwHLDozfOXftmlVqwYvPMb/69Vyw==",
      "dependencies": {
        "@d3fc/d3fc-data-join": "^6.0.3",
        "@d3fc/d3fc-rebind": "^6.0.1",
        "@d3fc/d3fc-shape": "^6.0.1",
        "@d3fc/d3fc-webgl": "^3.1.0"
      },
      "peerDependencies": {
        "d3-array": "*",
        "d3-scale": "*",
        "d3-scale-chromatic": "*",
        "d3-selection": "*",
        "d3-shape": "*"
      }
    },
    "node_modules/@d3fc/d3fc-shape": {
      "version": "6.0.1",
      "resolved": "https://registry.npmjs.org/@d3fc/d3fc-shape/-/d3fc-shape-6.0.1.tgz",
      "integrity": "sha512-/dD3S8BWrOjO2mSptUmwe38V7KG4Kw6liIE5NXZJjX/XidfZhuDu7WWuya3i90HeNYDZNcs6Z+4qM3FnvlZf8g==",
      "peerDependencies": {
        "d3-path": "*"
      }
    },
    "node_modules/@d3fc/d3fc-technical-indicator": {
      "version": "8.1.0",
      "resolved": "https://registry.npmjs.org/@d3fc/d3fc-technical-indicator/-/d3fc-technical-indicator-8.1.0.tgz",
      "integrity": "sha512-ma5l4nLC0kReDjxeMuodwrQWzDzJHoBoYIJKfzAJhfcMhS/XqJBKXYfT5BO7ggjzAsW/oD9xh64tmozXx/pHoQ==",
      "dependencies": {
        "@d3fc/d3fc-rebind": "^6.0.1"
      },
      "peerDependencies": {
        "d3-array": "*"
      }
    },
    "node_modules/@d3fc/d3fc-webgl": {
      "version": "3.1.0",
      "resolved": "https://registry.npmjs.org/@d3fc/d3fc-webgl/-/d3fc-webgl-3.1.0.tgz",
      "integrity": "sha512-WHVqV7QYaxgExMU6nGGzHBLUDAva/SOogfzQv1A/qGGivGElFsPxeBAfZcnpnz2wsWDdnFLYqV16s16bIorTjg==",
      "dependencies": {
        "@d3fc/d3fc-rebind": "^6.0.1"
      },
      "peerDependencies": {
        "d3-scale": "*",
        "d3-shape": "*"
      }
    },
    "node_modules/@d3fc/d3fc-zoom": {
      "version": "1.1.1",
      "resolved": "https://registry.npmjs.org/@d3fc/d3fc-zoom/-/d3fc-zoom-1.1.1.tgz",
      "integrity": "sha512-JLYcrdq9W0ZA0vwXcwOhsEkjzfpS+/3Ec3gt1sTJ6KZmILyL+3HCem9y5MeGrns1rBi+9IyMMY2SwOOSJpMGcg==",
      "dependencies": {
        "@d3fc/d3fc-rebind": "^6.0.1"
      },
      "peerDependencies": {
        "d3-dispatch": "*",
        "d3-selection": "*",
        "d3-zoom": "*"
      }
    },
    "node_modules/commander": {
      "version": "7.2.0",
      "resolved": "https://registry.npmjs.org/commander/-/commander-7.2.0.tgz",
      "integrity": "sha512-QrWXB+ZQSVPmIWIhtEO9H+gwHaMGYiF5ChvoJ+K9ZGHG/sVsa6yiesAD1GC/x46sET00Xlwo1u49RVVVzvcSkw==",
      "peer": true,
      "engines": {
        "node": ">= 10"
      }
    },
    "node_modules/d3-array": {
      "version": "3.1.6",
      "resolved": "https://registry.npmjs.org/d3-array/-/d3-array-3.1.6.tgz",
      "integrity": "sha512-DCbBBNuKOeiR9h04ySRBMW52TFVc91O9wJziuyXw6Ztmy8D3oZbmCkOO3UHKC7ceNJsN2Mavo9+vwV8EAEUXzA==",
      "peer": true,
      "dependencies": {
        "internmap": "1 - 2"
      },
      "engines": {
        "node": ">=12"
      }
    },
    "node_modules/d3-brush": {
      "version": "3.0.0",
      "resolved": "https://registry.npmjs.org/d3-brush/-/d3-brush-3.0.0.tgz",
      "integrity": "sha512-ALnjWlVYkXsVIGlOsuWH1+3udkYFI48Ljihfnh8FZPF2QS9o+PzGLBslO0PjzVoHLZ2KCVgAM8NVkXPJB2aNnQ==",
      "peer": true,
      "dependencies": {
        "d3-dispatch": "1 - 3",
        "d3-drag": "2 - 3",
        "d3-interpolate": "1 - 3",
        "d3-selection": "3",
        "d3-transition": "3"
      },
      "engines": {
        "node": ">=12"
      }
    },
    "node_modules/d3-color": {
      "version": "3.1.0",
      "resolved": "https://registry.npmjs.org/d3-color/-/d3-color-3.1.0.tgz",
      "integrity": "sha512-zg/chbXyeBtMQ1LbD/WSoW2DpC3I0mpmPdW+ynRTj/x2DAWYrIY7qeZIHidozwV24m4iavr15lNwIwLxRmOxhA==",
      "peer": true,
      "engines": {
        "node": ">=12"
      }
    },
    "node_modules/d3-dispatch": {
      "version": "3.0.1",
      "resolved": "https://registry.npmjs.org/d3-dispatch/-/d3-dispatch-3.0.1.tgz",
      "integrity": "sha512-rzUyPU/S7rwUflMyLc1ETDeBj0NRuHKKAcvukozwhshr6g6c5d8zh4c2gQjY2bZ0dXeGLWc1PF174P2tVvKhfg==",
      "peer": true,
      "engines": {
        "node": ">=12"
      }
    },
    "node_modules/d3-drag": {
      "version": "3.0.0",
      "resolved": "https://registry.npmjs.org/d3-drag/-/d3-drag-3.0.0.tgz",
      "integrity": "sha512-pWbUJLdETVA8lQNJecMxoXfH6x+mO2UQo8rSmZ+QqxcbyA3hfeprFgIT//HW2nlHChWeIIMwS2Fq+gEARkhTkg==",
      "peer": true,
      "dependencies": {
        "d3-dispatch": "1 - 3",
        "d3-selection": "3"
      },
      "engines": {
        "node": ">=12"
      }
    },
    "node_modules/d3-dsv": {
      "version": "3.0.1",
      "resolved": "https://registry.npmjs.org/d3-dsv/-/d3-dsv-3.0.1.tgz",
      "integrity": "sha512-UG6OvdI5afDIFP9w4G0mNq50dSOsXHJaRE8arAS5o9ApWnIElp8GZw1Dun8vP8OyHOZ/QJUKUJwxiiCCnUwm+Q==",
      "peer": true,
      "dependencies": {
        "commander": "7",
        "iconv-lite": "0.6",
        "rw": "1"
      },
      "bin": {
        "csv2json": "bin/dsv2json.js",
        "csv2tsv": "bin/dsv2dsv.js",
        "dsv2dsv": "bin/dsv2dsv.js",
        "dsv2json": "bin/dsv2json.js",
        "json2csv": "bin/json2dsv.js",
        "json2dsv": "bin/json2dsv.js",
        "json2tsv": "bin/json2dsv.js",
        "tsv2csv": "bin/dsv2dsv.js",
        "tsv2json": "bin/dsv2json.js"
      },
      "engines": {
        "node": ">=12"
      }
    },
    "node_modules/d3-ease": {
      "version": "3.0.1",
      "resolved": "https://registry.npmjs.org/d3-ease/-/d3-ease-3.0.1.tgz",
      "integrity": "sha512-wR/XK3D3XcLIZwpbvQwQ5fK+8Ykds1ip7A2Txe0yxncXSdq1L9skcG7blcedkOX+ZcgxGAmLX1FrRGbADwzi0w==",
      "peer": true,
      "engines": {
        "node": ">=12"
      }
    },
    "node_modules/d3-fetch": {
      "version": "3.0.1",
      "resolved": "https://registry.npmjs.org/d3-fetch/-/d3-fetch-3.0.1.tgz",
      "integrity": "sha512-kpkQIM20n3oLVBKGg6oHrUchHM3xODkTzjMoj7aWQFq5QEM+R6E4WkzT5+tojDY7yjez8KgCBRoj4aEr99Fdqw==",
      "peer": true,
      "dependencies": {
        "d3-dsv": "1 - 3"
      },
      "engines": {
        "node": ">=12"
      }
    },
    "node_modules/d3-format": {
      "version": "3.1.0",
      "resolved": "https://registry.npmjs.org/d3-format/-/d3-format-3.1.0.tgz",
      "integrity": "sha512-YyUI6AEuY/Wpt8KWLgZHsIU86atmikuoOmCfommt0LYHiQSPjvX2AcFc38PX0CBpr2RCyZhjex+NS/LPOv6YqA==",
      "peer": true,
      "engines": {
        "node": ">=12"
      }
    },
    "node_modules/d3-interpolate": {
      "version": "3.0.1",
      "resolved": "https://registry.npmjs.org/d3-interpolate/-/d3-interpolate-3.0.1.tgz",
      "integrity": "sha512-3bYs1rOD33uo8aqJfKP3JWPAibgw8Zm2+L9vBKEHJ2Rg+viTR7o5Mmv5mZcieN+FRYaAOWX5SJATX6k1PWz72g==",
      "peer": true,
      "dependencies": {
        "d3-color": "1 - 3"
      },
      "engines": {
        "node": ">=12"
      }
    },
    "node_modules/d3-path": {
      "version": "3.0.1",
      "resolved": "https://registry.npmjs.org/d3-path/-/d3-path-3.0.1.tgz",
      "integrity": "sha512-gq6gZom9AFZby0YLduxT1qmrp4xpBA1YZr19OI717WIdKE2OM5ETq5qrHLb301IgxhLwcuxvGZVLeeWc/k1I6w==",
      "peer": true,
      "engines": {
        "node": ">=12"
      }
    },
    "node_modules/d3-random": {
      "version": "3.0.1",
      "resolved": "https://registry.npmjs.org/d3-random/-/d3-random-3.0.1.tgz",
      "integrity": "sha512-FXMe9GfxTxqd5D6jFsQ+DJ8BJS4E/fT5mqqdjovykEB2oFbTMDVdg1MGFxfQW+FBOGoB++k8swBrgwSHT1cUXQ==",
      "peer": true,
      "engines": {
        "node": ">=12"
      }
    },
    "node_modules/d3-scale": {
      "version": "4.0.2",
      "resolved": "https://registry.npmjs.org/d3-scale/-/d3-scale-4.0.2.tgz",
      "integrity": "sha512-GZW464g1SH7ag3Y7hXjf8RoUuAFIqklOAq3MRl4OaWabTFJY9PN/E1YklhXLh+OQ3fM9yS2nOkCoS+WLZ6kvxQ==",
      "peer": true,
      "dependencies": {
        "d3-array": "2.10.0 - 3",
        "d3-format": "1 - 3",
        "d3-interpolate": "1.2.0 - 3",
        "d3-time": "2.1.1 - 3",
        "d3-time-format": "2 - 4"
      },
      "engines": {
        "node": ">=12"
      }
    },
    "node_modules/d3-scale-chromatic": {
      "version": "3.0.0",
      "resolved": "https://registry.npmjs.org/d3-scale-chromatic/-/d3-scale-chromatic-3.0.0.tgz",
      "integrity": "sha512-Lx9thtxAKrO2Pq6OO2Ua474opeziKr279P/TKZsMAhYyNDD3EnCffdbgeSYN5O7m2ByQsxtuP2CSDczNUIZ22g==",
      "peer": true,
      "dependencies": {
        "d3-color": "1 - 3",
        "d3-interpolate": "1 - 3"
      },
      "engines": {
        "node": ">=12"
      }
    },
    "node_modules/d3-selection": {
      "version": "3.0.0",
      "resolved": "https://registry.npmjs.org/d3-selection/-/d3-selection-3.0.0.tgz",
      "integrity": "sha512-fmTRWbNMmsmWq6xJV8D19U/gw/bwrHfNXxrIN+HfZgnzqTHp9jOmKMhsTUjXOJnZOdZY9Q28y4yebKzqDKlxlQ==",
      "peer": true,
      "engines": {
        "node": ">=12"
      }
    },
    "node_modules/d3-shape": {
      "version": "3.1.0",
      "resolved": "https://registry.npmjs.org/d3-shape/-/d3-shape-3.1.0.tgz",
      "integrity": "sha512-tGDh1Muf8kWjEDT/LswZJ8WF85yDZLvVJpYU9Nq+8+yW1Z5enxrmXOhTArlkaElU+CTn0OTVNli+/i+HP45QEQ==",
      "peer": true,
      "dependencies": {
        "d3-path": "1 - 3"
      },
      "engines": {
        "node": ">=12"
      }
    },
    "node_modules/d3-time": {
      "version": "3.0.0",
      "resolved": "https://registry.npmjs.org/d3-time/-/d3-time-3.0.0.tgz",
      "integrity": "sha512-zmV3lRnlaLI08y9IMRXSDshQb5Nj77smnfpnd2LrBa/2K281Jijactokeak14QacHs/kKq0AQ121nidNYlarbQ==",
      "peer": true,
      "dependencies": {
        "d3-array": "2 - 3"
      },
      "engines": {
        "node": ">=12"
      }
    },
    "node_modules/d3-time-format": {
      "version": "4.1.0",
      "resolved": "https://registry.npmjs.org/d3-time-format/-/d3-time-format-4.1.0.tgz",
      "integrity": "sha512-dJxPBlzC7NugB2PDLwo9Q8JiTR3M3e4/XANkreKSUxF8vvXKqm1Yfq4Q5dl8budlunRVlUUaDUgFt7eA8D6NLg==",
      "peer": true,
      "dependencies": {
        "d3-time": "1 - 3"
      },
      "engines": {
        "node": ">=12"
      }
    },
    "node_modules/d3-timer": {
      "version": "3.0.1",
      "resolved": "https://registry.npmjs.org/d3-timer/-/d3-timer-3.0.1.tgz",
      "integrity": "sha512-ndfJ/JxxMd3nw31uyKoY2naivF+r29V+Lc0svZxe1JvvIRmi8hUsrMvdOwgS1o6uBHmiz91geQ0ylPP0aj1VUA==",
      "peer": true,
      "engines": {
        "node": ">=12"
      }
    },
    "node_modules/d3-transition": {
      "version": "3.0.1",
      "resolved": "https://registry.npmjs.org/d3-transition/-/d3-transition-3.0.1.tgz",
      "integrity": "sha512-ApKvfjsSR6tg06xrL434C0WydLr7JewBB3V+/39RMHsaXTOG0zmt/OAXeng5M5LBm0ojmxJrpomQVZ1aPvBL4w==",
      "peer": true,
      "dependencies": {
        "d3-color": "1 - 3",
        "d3-dispatch": "1 - 3",
        "d3-ease": "1 - 3",
        "d3-interpolate": "1 - 3",
        "d3-timer": "1 - 3"
      },
      "engines": {
        "node": ">=12"
      },
      "peerDependencies": {
        "d3-selection": "2 - 3"
      }
    },
    "node_modules/d3-zoom": {
      "version": "3.0.0",
      "resolved": "https://registry.npmjs.org/d3-zoom/-/d3-zoom-3.0.0.tgz",
      "integrity": "sha512-b8AmV3kfQaqWAuacbPuNbL6vahnOJflOhexLzMMNLga62+/nh0JzvJ0aO/5a5MVgUFGS7Hu1P9P03o3fJkDCyw==",
      "peer": true,
      "dependencies": {
        "d3-dispatch": "1 - 3",
        "d3-drag": "2 - 3",
        "d3-interpolate": "1 - 3",
        "d3-selection": "2 - 3",
        "d3-transition": "2 - 3"
      },
      "engines": {
        "node": ">=12"
      }
    },
    "node_modules/d3fc": {
      "version": "15.2.4",
      "resolved": "https://registry.npmjs.org/d3fc/-/d3fc-15.2.4.tgz",
      "integrity": "sha512-0AVkhh65O1EYKSo30LGdCJUfnt02pCFdrcS6RSzDScOAZdSEEDo+2aA+ILex3capvHxYUj4I12g6N1LUtVPm9g==",
      "dependencies": {
        "@d3fc/d3fc-annotation": "^3.0.11",
        "@d3fc/d3fc-axis": "^3.0.6",
        "@d3fc/d3fc-brush": "^3.0.3",
        "@d3fc/d3fc-chart": "^5.1.4",
        "@d3fc/d3fc-data-join": "^6.0.3",
        "@d3fc/d3fc-discontinuous-scale": "^4.0.1",
        "@d3fc/d3fc-element": "^6.2.0",
        "@d3fc/d3fc-extent": "^4.0.2",
        "@d3fc/d3fc-financial-feed": "^7.1.0",
        "@d3fc/d3fc-group": "^3.0.1",
        "@d3fc/d3fc-label-layout": "^7.0.3",
        "@d3fc/d3fc-pointer": "^3.0.2",
        "@d3fc/d3fc-random-data": "^4.0.1",
        "@d3fc/d3fc-rebind": "^6.0.1",
        "@d3fc/d3fc-sample": "^5.0.1",
        "@d3fc/d3fc-series": "^6.0.4",
        "@d3fc/d3fc-shape": "^6.0.1",
        "@d3fc/d3fc-technical-indicator": "^8.1.0",
        "@d3fc/d3fc-webgl": "^3.1.0",
        "@d3fc/d3fc-zoom": "^1.1.1"
      }
    },
    "node_modules/iconv-lite": {
      "version": "0.6.3",
      "resolved": "https://registry.npmjs.org/iconv-lite/-/iconv-lite-0.6.3.tgz",
      "integrity": "sha512-4fCk79wshMdzMp2rH06qWrJE4iolqLhCUH+OiuIgU++RB0+94NlDL81atO7GX55uUKueo0txHNtvEyI6D7WdMw==",
      "peer": true,
      "dependencies": {
        "safer-buffer": ">= 2.1.2 < 3.0.0"
      },
      "engines": {
        "node": ">=0.10.0"
      }
    },
    "node_modules/internmap": {
      "version": "2.0.3",
      "resolved": "https://registry.npmjs.org/internmap/-/internmap-2.0.3.tgz",
      "integrity": "sha512-5Hh7Y1wQbvY5ooGgPbDaL5iYLAPzMTUrjMulskHLH6wnv/A+1q5rgEaiuqEjB+oxGXIVZs1FF+R/KPN3ZSQYYg==",
      "peer": true,
      "engines": {
        "node": ">=12"
      }
    },
    "node_modules/rw": {
      "version": "1.3.3",
      "resolved": "https://registry.npmjs.org/rw/-/rw-1.3.3.tgz",
      "integrity": "sha1-P4Yt+pGrdmsUiF700BEkv9oHT7Q=",
      "peer": true
    },
    "node_modules/safer-buffer": {
      "version": "2.1.2",
      "resolved": "https://registry.npmjs.org/safer-buffer/-/safer-buffer-2.1.2.tgz",
      "integrity": "sha512-YZo3K82SD7Riyi0E1EQPojLz7kpepnSQI9IyPbHHg1XXXevb5dJI7tpyN2ADxGcQbHG7vcyRHk0cbwqcQriUtg==",
      "peer": true
    }
  },
  "dependencies": {
    "@d3fc/d3fc-annotation": {
      "version": "3.0.11",
      "resolved": "https://registry.npmjs.org/@d3fc/d3fc-annotation/-/d3fc-annotation-3.0.11.tgz",
      "integrity": "sha512-oqcXG3OnpFyA4m6tTQ61wuDKA2Pdj76YpGO85MosdMwHkWiup/Lm7bnerJhsBTpHbucrumfyf1+DH3c47ZxqIA==",
      "requires": {
        "@d3fc/d3fc-data-join": "^6.0.3",
        "@d3fc/d3fc-rebind": "^6.0.1",
        "@d3fc/d3fc-series": "^6.0.4",
        "@d3fc/d3fc-shape": "^6.0.1"
      }
    },
    "@d3fc/d3fc-axis": {
      "version": "3.0.6",
      "resolved": "https://registry.npmjs.org/@d3fc/d3fc-axis/-/d3fc-axis-3.0.6.tgz",
      "integrity": "sha512-6D5HpTiSmht8x9TU7war5iVNW5QFlvzNDk92yJ6hUOKeD/otr2D3wrpvSgJrS7GehceC7Ik86etpoiCjR4wyrg==",
      "requires": {
        "@d3fc/d3fc-data-join": "^6.0.3",
        "@d3fc/d3fc-rebind": "^6.0.1"
      }
    },
    "@d3fc/d3fc-brush": {
      "version": "3.0.3",
      "resolved": "https://registry.npmjs.org/@d3fc/d3fc-brush/-/d3fc-brush-3.0.3.tgz",
      "integrity": "sha512-fc1XBuNWl6DQVFSnBdauI/WNRvtNaeUWwDiLEIMY+v0VlrmGOgWEGCB5otVepGZiL56cjgRtHdwYBdKCvgGBSg==",
      "requires": {
        "@d3fc/d3fc-data-join": "^6.0.3",
        "@d3fc/d3fc-rebind": "^6.0.1"
      }
    },
    "@d3fc/d3fc-chart": {
      "version": "5.1.4",
      "resolved": "https://registry.npmjs.org/@d3fc/d3fc-chart/-/d3fc-chart-5.1.4.tgz",
      "integrity": "sha512-hfmmfwww5xsEirWcCge17lp2Z1em7wtC2HHJ2w5bsHnLr0Zjko7qwrtkU/MN5oT3qwckRy4QHExJXf6PibwC/g==",
      "requires": {
        "@d3fc/d3fc-axis": "^3.0.6",
        "@d3fc/d3fc-data-join": "^6.0.3",
        "@d3fc/d3fc-element": "^6.2.0",
        "@d3fc/d3fc-rebind": "^6.0.1",
        "@d3fc/d3fc-series": "^6.0.4"
      }
    },
    "@d3fc/d3fc-data-join": {
      "version": "6.0.3",
      "resolved": "https://registry.npmjs.org/@d3fc/d3fc-data-join/-/d3fc-data-join-6.0.3.tgz",
      "integrity": "sha512-fd1D2Cl4YGjzl3gBhcrvTl/VxaSncY0ZcokWsN8ahtmk9DZK4DnAgHGrdecnXVLkOx+ANDcqxqscYz6MWXLbcA==",
      "requires": {}
    },
    "@d3fc/d3fc-discontinuous-scale": {
      "version": "4.0.2",
      "resolved": "https://registry.npmjs.org/@d3fc/d3fc-discontinuous-scale/-/d3fc-discontinuous-scale-4.0.2.tgz",
      "integrity": "sha512-m1H/fL3BQmkytTjUNd0GVGE6KC0CEervrgRNnM5FluouycsbUCQPhiiN1CY1bRh8xcFDQx9vpOUU7DNCjiEbAQ==",
      "requires": {
        "@d3fc/d3fc-rebind": "^6.0.1"
      }
    },
    "@d3fc/d3fc-element": {
      "version": "6.2.0",
      "resolved": "https://registry.npmjs.org/@d3fc/d3fc-element/-/d3fc-element-6.2.0.tgz",
      "integrity": "sha512-AvdZ3V4mVxF9dGYLiDCoqr3GhrFOUQEc1FcP20QEhQ3fJ3qYRwx7/uhL7G/L2xbe6k4delPgnLOvtoaDenhpZw=="
    },
    "@d3fc/d3fc-extent": {
      "version": "4.0.2",
      "resolved": "https://registry.npmjs.org/@d3fc/d3fc-extent/-/d3fc-extent-4.0.2.tgz",
      "integrity": "sha512-m7w7Dof6KAIDtgzIsTcprWTEoiqExJGsGoQbb97bF+EwIkuEZWRUl1jkoeNL00efpX1o6zSdqSr6lojoR0aI/g==",
      "requires": {}
    },
    "@d3fc/d3fc-financial-feed": {
      "version": "7.1.0",
      "resolved": "https://registry.npmjs.org/@d3fc/d3fc-financial-feed/-/d3fc-financial-feed-7.1.0.tgz",
      "integrity": "sha512-K8jktdRJQAiJepglErsuY2ZMKsm0YFWTeuhYnTFb8rWmyhwoPeem9QW+e6xBTiAvbElJm4yTrkal09KmO2cLlQ==",
      "requires": {}
    },
    "@d3fc/d3fc-group": {
      "version": "3.0.1",
      "resolved": "https://registry.npmjs.org/@d3fc/d3fc-group/-/d3fc-group-3.0.1.tgz",
      "integrity": "sha512-GBUR6a4hkqfSo77iaFS4qPMS5tupH8hmJ8eniiD45GFmWQs69+Dlf8Uhx+GCCvQkE+px6rQyZWVCJKBq6gkz2Q=="
    },
    "@d3fc/d3fc-label-layout": {
      "version": "7.0.3",
      "resolved": "https://registry.npmjs.org/@d3fc/d3fc-label-layout/-/d3fc-label-layout-7.0.3.tgz",
      "integrity": "sha512-EqeUXO5o0yLYfRPXT9zChx4HLZjsd7DTzRhfiIIJAjqEQeFW9ALYrt85ggqxKWaM5BGjtaOFcHFBrOkd9b2AMQ==",
      "requires": {
        "@d3fc/d3fc-data-join": "^6.0.3",
        "@d3fc/d3fc-rebind": "^6.0.1"
      }
    },
    "@d3fc/d3fc-pointer": {
      "version": "3.0.2",
      "resolved": "https://registry.npmjs.org/@d3fc/d3fc-pointer/-/d3fc-pointer-3.0.2.tgz",
      "integrity": "sha512-GAODK7t+fwH2y/tQaQD0kUZMbrpY+Mu1duFixtthm7yvk1sKWQR9bic3Eh3YBp39lir0VzmHWQhjYNAFnRJERg==",
      "requires": {
        "@d3fc/d3fc-rebind": "^6.0.1"
      }
    },
    "@d3fc/d3fc-random-data": {
      "version": "4.0.1",
      "resolved": "https://registry.npmjs.org/@d3fc/d3fc-random-data/-/d3fc-random-data-4.0.1.tgz",
      "integrity": "sha512-tKSoImB8V+EKnuwh4K+RBfYWmczgKF+rvH9b3SeGEocw3DlK1SvAr2ZVhYkyFVaqJU5YciWqQfaW5MjVT/33FA==",
      "requires": {
        "@d3fc/d3fc-rebind": "^6.0.1"
      }
    },
    "@d3fc/d3fc-rebind": {
      "version": "6.0.1",
      "resolved": "https://registry.npmjs.org/@d3fc/d3fc-rebind/-/d3fc-rebind-6.0.1.tgz",
      "integrity": "sha512-+ryBZ53ALMffbADwnFAtTYQJcT7PE5BwpducGYS0X6Jux6ESnp+fP+cDQvBGbDBOVqaziGnfeLeJXjtMnZujmQ=="
    },
    "@d3fc/d3fc-sample": {
      "version": "5.0.1",
      "resolved": "https://registry.npmjs.org/@d3fc/d3fc-sample/-/d3fc-sample-5.0.1.tgz",
      "integrity": "sha512-VJ4stSJDxcAhYhifiGE63MBVDPstx+yB3+JHuJt/qc8MjHSOC4NjrPpABNUS6qwfmOcQKbaRPN8urzJ+f5FCmg==",
      "requires": {
        "@d3fc/d3fc-rebind": "^6.0.1"
      }
    },
    "@d3fc/d3fc-series": {
      "version": "6.0.4",
      "resolved": "https://registry.npmjs.org/@d3fc/d3fc-series/-/d3fc-series-6.0.4.tgz",
      "integrity": "sha512-DilhaYvWcPuEuIHZfTJgkcHtY+uRsLUbTcF4GhUlk4sb88V4G7YFiVym1aZwHLDozfOXftmlVqwYvPMb/69Vyw==",
      "requires": {
        "@d3fc/d3fc-data-join": "^6.0.3",
        "@d3fc/d3fc-rebind": "^6.0.1",
        "@d3fc/d3fc-shape": "^6.0.1",
        "@d3fc/d3fc-webgl": "^3.1.0"
      }
    },
    "@d3fc/d3fc-shape": {
      "version": "6.0.1",
      "resolved": "https://registry.npmjs.org/@d3fc/d3fc-shape/-/d3fc-shape-6.0.1.tgz",
      "integrity": "sha512-/dD3S8BWrOjO2mSptUmwe38V7KG4Kw6liIE5NXZJjX/XidfZhuDu7WWuya3i90HeNYDZNcs6Z+4qM3FnvlZf8g==",
      "requires": {}
    },
    "@d3fc/d3fc-technical-indicator": {
      "version": "8.1.0",
      "resolved": "https://registry.npmjs.org/@d3fc/d3fc-technical-indicator/-/d3fc-technical-indicator-8.1.0.tgz",
      "integrity": "sha512-ma5l4nLC0kReDjxeMuodwrQWzDzJHoBoYIJKfzAJhfcMhS/XqJBKXYfT5BO7ggjzAsW/oD9xh64tmozXx/pHoQ==",
      "requires": {
        "@d3fc/d3fc-rebind": "^6.0.1"
      }
    },
    "@d3fc/d3fc-webgl": {
      "version": "3.1.0",
      "resolved": "https://registry.npmjs.org/@d3fc/d3fc-webgl/-/d3fc-webgl-3.1.0.tgz",
      "integrity": "sha512-WHVqV7QYaxgExMU6nGGzHBLUDAva/SOogfzQv1A/qGGivGElFsPxeBAfZcnpnz2wsWDdnFLYqV16s16bIorTjg==",
      "requires": {
        "@d3fc/d3fc-rebind": "^6.0.1"
      }
    },
    "@d3fc/d3fc-zoom": {
      "version": "1.1.1",
      "resolved": "https://registry.npmjs.org/@d3fc/d3fc-zoom/-/d3fc-zoom-1.1.1.tgz",
      "integrity": "sha512-JLYcrdq9W0ZA0vwXcwOhsEkjzfpS+/3Ec3gt1sTJ6KZmILyL+3HCem9y5MeGrns1rBi+9IyMMY2SwOOSJpMGcg==",
      "requires": {
        "@d3fc/d3fc-rebind": "^6.0.1"
      }
    },
    "commander": {
      "version": "7.2.0",
      "resolved": "https://registry.npmjs.org/commander/-/commander-7.2.0.tgz",
      "integrity": "sha512-QrWXB+ZQSVPmIWIhtEO9H+gwHaMGYiF5ChvoJ+K9ZGHG/sVsa6yiesAD1GC/x46sET00Xlwo1u49RVVVzvcSkw==",
      "peer": true
    },
    "d3-array": {
      "version": "3.1.6",
      "resolved": "https://registry.npmjs.org/d3-array/-/d3-array-3.1.6.tgz",
      "integrity": "sha512-DCbBBNuKOeiR9h04ySRBMW52TFVc91O9wJziuyXw6Ztmy8D3oZbmCkOO3UHKC7ceNJsN2Mavo9+vwV8EAEUXzA==",
      "peer": true,
      "requires": {
        "internmap": "1 - 2"
      }
    },
    "d3-brush": {
      "version": "3.0.0",
      "resolved": "https://registry.npmjs.org/d3-brush/-/d3-brush-3.0.0.tgz",
      "integrity": "sha512-ALnjWlVYkXsVIGlOsuWH1+3udkYFI48Ljihfnh8FZPF2QS9o+PzGLBslO0PjzVoHLZ2KCVgAM8NVkXPJB2aNnQ==",
      "peer": true,
      "requires": {
        "d3-dispatch": "1 - 3",
        "d3-drag": "2 - 3",
        "d3-interpolate": "1 - 3",
        "d3-selection": "3",
        "d3-transition": "3"
      }
    },
    "d3-color": {
      "version": "3.1.0",
      "resolved": "https://registry.npmjs.org/d3-color/-/d3-color-3.1.0.tgz",
      "integrity": "sha512-zg/chbXyeBtMQ1LbD/WSoW2DpC3I0mpmPdW+ynRTj/x2DAWYrIY7qeZIHidozwV24m4iavr15lNwIwLxRmOxhA==",
      "peer": true
    },
    "d3-dispatch": {
      "version": "3.0.1",
      "resolved": "https://registry.npmjs.org/d3-dispatch/-/d3-dispatch-3.0.1.tgz",
      "integrity": "sha512-rzUyPU/S7rwUflMyLc1ETDeBj0NRuHKKAcvukozwhshr6g6c5d8zh4c2gQjY2bZ0dXeGLWc1PF174P2tVvKhfg==",
      "peer": true
    },
    "d3-drag": {
      "version": "3.0.0",
      "resolved": "https://registry.npmjs.org/d3-drag/-/d3-drag-3.0.0.tgz",
      "integrity": "sha512-pWbUJLdETVA8lQNJecMxoXfH6x+mO2UQo8rSmZ+QqxcbyA3hfeprFgIT//HW2nlHChWeIIMwS2Fq+gEARkhTkg==",
      "peer": true,
      "requires": {
        "d3-dispatch": "1 - 3",
        "d3-selection": "3"
      }
    },
    "d3-dsv": {
      "version": "3.0.1",
      "resolved": "https://registry.npmjs.org/d3-dsv/-/d3-dsv-3.0.1.tgz",
      "integrity": "sha512-UG6OvdI5afDIFP9w4G0mNq50dSOsXHJaRE8arAS5o9ApWnIElp8GZw1Dun8vP8OyHOZ/QJUKUJwxiiCCnUwm+Q==",
      "peer": true,
      "requires": {
        "commander": "7",
        "iconv-lite": "0.6",
        "rw": "1"
      }
    },
    "d3-ease": {
      "version": "3.0.1",
      "resolved": "https://registry.npmjs.org/d3-ease/-/d3-ease-3.0.1.tgz",
      "integrity": "sha512-wR/XK3D3XcLIZwpbvQwQ5fK+8Ykds1ip7A2Txe0yxncXSdq1L9skcG7blcedkOX+ZcgxGAmLX1FrRGbADwzi0w==",
      "peer": true
    },
    "d3-fetch": {
      "version": "3.0.1",
      "resolved": "https://registry.npmjs.org/d3-fetch/-/d3-fetch-3.0.1.tgz",
      "integrity": "sha512-kpkQIM20n3oLVBKGg6oHrUchHM3xODkTzjMoj7aWQFq5QEM+R6E4WkzT5+tojDY7yjez8KgCBRoj4aEr99Fdqw==",
      "peer": true,
      "requires": {
        "d3-dsv": "1 - 3"
      }
    },
    "d3-format": {
      "version": "3.1.0",
      "resolved": "https://registry.npmjs.org/d3-format/-/d3-format-3.1.0.tgz",
      "integrity": "sha512-YyUI6AEuY/Wpt8KWLgZHsIU86atmikuoOmCfommt0LYHiQSPjvX2AcFc38PX0CBpr2RCyZhjex+NS/LPOv6YqA==",
      "peer": true
    },
    "d3-interpolate": {
      "version": "3.0.1",
      "resolved": "https://registry.npmjs.org/d3-interpolate/-/d3-interpolate-3.0.1.tgz",
      "integrity": "sha512-3bYs1rOD33uo8aqJfKP3JWPAibgw8Zm2+L9vBKEHJ2Rg+viTR7o5Mmv5mZcieN+FRYaAOWX5SJATX6k1PWz72g==",
      "peer": true,
      "requires": {
        "d3-color": "1 - 3"
      }
    },
    "d3-path": {
      "version": "3.0.1",
      "resolved": "https://registry.npmjs.org/d3-path/-/d3-path-3.0.1.tgz",
      "integrity": "sha512-gq6gZom9AFZby0YLduxT1qmrp4xpBA1YZr19OI717WIdKE2OM5ETq5qrHLb301IgxhLwcuxvGZVLeeWc/k1I6w==",
      "peer": true
    },
    "d3-random": {
      "version": "3.0.1",
      "resolved": "https://registry.npmjs.org/d3-random/-/d3-random-3.0.1.tgz",
      "integrity": "sha512-FXMe9GfxTxqd5D6jFsQ+DJ8BJS4E/fT5mqqdjovykEB2oFbTMDVdg1MGFxfQW+FBOGoB++k8swBrgwSHT1cUXQ==",
      "peer": true
    },
    "d3-scale": {
      "version": "4.0.2",
      "resolved": "https://registry.npmjs.org/d3-scale/-/d3-scale-4.0.2.tgz",
      "integrity": "sha512-GZW464g1SH7ag3Y7hXjf8RoUuAFIqklOAq3MRl4OaWabTFJY9PN/E1YklhXLh+OQ3fM9yS2nOkCoS+WLZ6kvxQ==",
      "peer": true,
      "requires": {
        "d3-array": "2.10.0 - 3",
        "d3-format": "1 - 3",
        "d3-interpolate": "1.2.0 - 3",
        "d3-time": "2.1.1 - 3",
        "d3-time-format": "2 - 4"
      }
    },
    "d3-scale-chromatic": {
      "version": "3.0.0",
      "resolved": "https://registry.npmjs.org/d3-scale-chromatic/-/d3-scale-chromatic-3.0.0.tgz",
      "integrity": "sha512-Lx9thtxAKrO2Pq6OO2Ua474opeziKr279P/TKZsMAhYyNDD3EnCffdbgeSYN5O7m2ByQsxtuP2CSDczNUIZ22g==",
      "peer": true,
      "requires": {
        "d3-color": "1 - 3",
        "d3-interpolate": "1 - 3"
      }
    },
    "d3-selection": {
      "version": "3.0.0",
      "resolved": "https://registry.npmjs.org/d3-selection/-/d3-selection-3.0.0.tgz",
      "integrity": "sha512-fmTRWbNMmsmWq6xJV8D19U/gw/bwrHfNXxrIN+HfZgnzqTHp9jOmKMhsTUjXOJnZOdZY9Q28y4yebKzqDKlxlQ==",
      "peer": true
    },
    "d3-shape": {
      "version": "3.1.0",
      "resolved": "https://registry.npmjs.org/d3-shape/-/d3-shape-3.1.0.tgz",
      "integrity": "sha512-tGDh1Muf8kWjEDT/LswZJ8WF85yDZLvVJpYU9Nq+8+yW1Z5enxrmXOhTArlkaElU+CTn0OTVNli+/i+HP45QEQ==",
      "peer": true,
      "requires": {
        "d3-path": "1 - 3"
      }
    },
    "d3-time": {
      "version": "3.0.0",
      "resolved": "https://registry.npmjs.org/d3-time/-/d3-time-3.0.0.tgz",
      "integrity": "sha512-zmV3lRnlaLI08y9IMRXSDshQb5Nj77smnfpnd2LrBa/2K281Jijactokeak14QacHs/kKq0AQ121nidNYlarbQ==",
      "peer": true,
      "requires": {
        "d3-array": "2 - 3"
      }
    },
    "d3-time-format": {
      "version": "4.1.0",
      "resolved": "https://registry.npmjs.org/d3-time-format/-/d3-time-format-4.1.0.tgz",
      "integrity": "sha512-dJxPBlzC7NugB2PDLwo9Q8JiTR3M3e4/XANkreKSUxF8vvXKqm1Yfq4Q5dl8budlunRVlUUaDUgFt7eA8D6NLg==",
      "peer": true,
      "requires": {
        "d3-time": "1 - 3"
      }
    },
    "d3-timer": {
      "version": "3.0.1",
      "resolved": "https://registry.npmjs.org/d3-timer/-/d3-timer-3.0.1.tgz",
      "integrity": "sha512-ndfJ/JxxMd3nw31uyKoY2naivF+r29V+Lc0svZxe1JvvIRmi8hUsrMvdOwgS1o6uBHmiz91geQ0ylPP0aj1VUA==",
      "peer": true
    },
    "d3-transition": {
      "version": "3.0.1",
      "resolved": "https://registry.npmjs.org/d3-transition/-/d3-transition-3.0.1.tgz",
      "integrity": "sha512-ApKvfjsSR6tg06xrL434C0WydLr7JewBB3V+/39RMHsaXTOG0zmt/OAXeng5M5LBm0ojmxJrpomQVZ1aPvBL4w==",
      "peer": true,
      "requires": {
        "d3-color": "1 - 3",
        "d3-dispatch": "1 - 3",
        "d3-ease": "1 - 3",
        "d3-interpolate": "1 - 3",
        "d3-timer": "1 - 3"
      }
    },
    "d3-zoom": {
      "version": "3.0.0",
      "resolved": "https://registry.npmjs.org/d3-zoom/-/d3-zoom-3.0.0.tgz",
      "integrity": "sha512-b8AmV3kfQaqWAuacbPuNbL6vahnOJflOhexLzMMNLga62+/nh0JzvJ0aO/5a5MVgUFGS7Hu1P9P03o3fJkDCyw==",
      "peer": true,
      "requires": {
        "d3-dispatch": "1 - 3",
        "d3-drag": "2 - 3",
        "d3-interpolate": "1 - 3",
        "d3-selection": "2 - 3",
        "d3-transition": "2 - 3"
      }
    },
    "d3fc": {
      "version": "15.2.4",
      "resolved": "https://registry.npmjs.org/d3fc/-/d3fc-15.2.4.tgz",
      "integrity": "sha512-0AVkhh65O1EYKSo30LGdCJUfnt02pCFdrcS6RSzDScOAZdSEEDo+2aA+ILex3capvHxYUj4I12g6N1LUtVPm9g==",
      "requires": {
        "@d3fc/d3fc-annotation": "^3.0.11",
        "@d3fc/d3fc-axis": "^3.0.6",
        "@d3fc/d3fc-brush": "^3.0.3",
        "@d3fc/d3fc-chart": "^5.1.4",
        "@d3fc/d3fc-data-join": "^6.0.3",
        "@d3fc/d3fc-discontinuous-scale": "^4.0.1",
        "@d3fc/d3fc-element": "^6.2.0",
        "@d3fc/d3fc-extent": "^4.0.2",
        "@d3fc/d3fc-financial-feed": "^7.1.0",
        "@d3fc/d3fc-group": "^3.0.1",
        "@d3fc/d3fc-label-layout": "^7.0.3",
        "@d3fc/d3fc-pointer": "^3.0.2",
        "@d3fc/d3fc-random-data": "^4.0.1",
        "@d3fc/d3fc-rebind": "^6.0.1",
        "@d3fc/d3fc-sample": "^5.0.1",
        "@d3fc/d3fc-series": "^6.0.4",
        "@d3fc/d3fc-shape": "^6.0.1",
        "@d3fc/d3fc-technical-indicator": "^8.1.0",
        "@d3fc/d3fc-webgl": "^3.1.0",
        "@d3fc/d3fc-zoom": "^1.1.1"
      }
    },
    "iconv-lite": {
      "version": "0.6.3",
      "resolved": "https://registry.npmjs.org/iconv-lite/-/iconv-lite-0.6.3.tgz",
      "integrity": "sha512-4fCk79wshMdzMp2rH06qWrJE4iolqLhCUH+OiuIgU++RB0+94NlDL81atO7GX55uUKueo0txHNtvEyI6D7WdMw==",
      "peer": true,
      "requires": {
        "safer-buffer": ">= 2.1.2 < 3.0.0"
      }
    },
    "internmap": {
      "version": "2.0.3",
      "resolved": "https://registry.npmjs.org/internmap/-/internmap-2.0.3.tgz",
      "integrity": "sha512-5Hh7Y1wQbvY5ooGgPbDaL5iYLAPzMTUrjMulskHLH6wnv/A+1q5rgEaiuqEjB+oxGXIVZs1FF+R/KPN3ZSQYYg==",
      "peer": true
    },
    "rw": {
      "version": "1.3.3",
      "resolved": "https://registry.npmjs.org/rw/-/rw-1.3.3.tgz",
      "integrity": "sha1-P4Yt+pGrdmsUiF700BEkv9oHT7Q=",
      "peer": true
    },
    "safer-buffer": {
      "version": "2.1.2",
      "resolved": "https://registry.npmjs.org/safer-buffer/-/safer-buffer-2.1.2.tgz",
      "integrity": "sha512-YZo3K82SD7Riyi0E1EQPojLz7kpepnSQI9IyPbHHg1XXXevb5dJI7tpyN2ADxGcQbHG7vcyRHk0cbwqcQriUtg==",
      "peer": true
    }
  }
}
